{
  "requires": true,
  "lockfileVersion": 1,
  "dependencies": {
    "@types/google-apps-script": {
      "version": "0.0.58",
      "resolved": "https://registry.npmjs.org/@types/google-apps-script/-/google-apps-script-0.0.58.tgz",
      "integrity": "sha512-Sy6maRM5tv2KbsSENHkiBfmofcq+XwGFxYEgAWkWj6OvSMgRJu5wjEGBcOjWL0hY9Ai9EHKXmyATPLYI/Dwy+Q=="
    }
  }
}
